
Microsoft Visual Studio Solution File, Format Version 12.00
# Visual Studio Version 16
VisualStudioVersion = 16.0.30503.244
MinimumVisualStudioVersion = 10.0.40219.1
Project("{FAE04EC0-301F-11D3-BF4B-00C04F79EFBC}") = "Forms", "primeiraTela\Forms.csproj", "{1E87BE66-8097-40EA-8FC3-6ECBC4E0FF70}"
EndProject
Project("{FAE04EC0-301F-11D3-BF4B-00C04F79EFBC}") = "Entity", "Entity\Entity.csproj", "{AFFFBBE6-27AF-4579-83B2-A12FA02D0099}"
EndProject
Global
	GlobalSection(SolutionConfigurationPlatforms) = preSolution
		Debug|Any CPU = Debug|Any CPU
		Release|Any CPU = Release|Any CPU
	EndGlobalSection
	GlobalSection(ProjectConfigurationPlatforms) = postSolution
		{1E87BE66-8097-40EA-8FC3-6ECBC4E0FF70}.Debug|Any CPU.ActiveCfg = Debug|Any CPU
		{1E87BE66-8097-40EA-8FC3-6ECBC4E0FF70}.Debug|Any CPU.Build.0 = Debug|Any CPU
		{1E87BE66-8097-40EA-8FC3-6ECBC4E0FF70}.Release|Any CPU.ActiveCfg = Release|Any CPU
		{1E87BE66-8097-40EA-8FC3-6ECBC4E0FF70}.Release|Any CPU.Build.0 = Release|Any CPU
		{AFFFBBE6-27AF-4579-83B2-A12FA02D0099}.Debug|Any CPU.ActiveCfg = Debug|Any CPU
		{AFFFBBE6-27AF-4579-83B2-A12FA02D0099}.Debug|Any CPU.Build.0 = Debug|Any CPU
		{AFFFBBE6-27AF-4579-83B2-A12FA02D0099}.Release|Any CPU.ActiveCfg = Release|Any CPU
		{AFFFBBE6-27AF-4579-83B2-A12FA02D0099}.Release|Any CPU.Build.0 = Release|Any CPU
	EndGlobalSection
	GlobalSection(SolutionProperties) = preSolution
		HideSolutionNode = FALSE
	EndGlobalSection
	GlobalSection(ExtensibilityGlobals) = postSolution
		SolutionGuid = {53A4C6C9-FBAF-4806-B553-0101E5121F48}
	EndGlobalSection
EndGlobal
